
Microsoft Visual Studio Solution File, Format Version 12.00
# Visual Studio Version 17
VisualStudioVersion = 17.3.32505.426
MinimumVisualStudioVersion = 10.0.40219.1
Project("{9A19103F-16F7-4668-BE54-9A1E7A4F7556}") = "NewSharedTransitions", "NewSharedTransitions\NewSharedTransitions.csproj", "{381DBCFD-1690-4C46-97D7-3A195A13303D}"
EndProject
Project("{FAE04EC0-301F-11D3-BF4B-00C04F79EFBC}") = "NewSharedTransitions.Droid", "NewSharedTransitions.Droid\NewSharedTransitions.Droid.csproj", "{D4D97AEC-826A-40F3-AFE0-A87991BC957A}"
EndProject
Project("{FAE04EC0-301F-11D3-BF4B-00C04F79EFBC}") = "NewSharedTransitions.iOS", "NewSharedTransitions.iOS\NewSharedTransitions.iOS.csproj", "{8116BE6C-40E9-4DCF-8589-FE5675C7696A}"
EndProject
Global
	GlobalSection(SolutionConfigurationPlatforms) = preSolution
		Ad-Hoc|Any CPU = Ad-Hoc|Any CPU
		Ad-Hoc|iPhone = Ad-Hoc|iPhone
		Ad-Hoc|iPhoneSimulator = Ad-Hoc|iPhoneSimulator
		AppStore|Any CPU = AppStore|Any CPU
		AppStore|iPhone = AppStore|iPhone
		AppStore|iPhoneSimulator = AppStore|iPhoneSimulator
		Debug|Any CPU = Debug|Any CPU
		Debug|iPhone = Debug|iPhone
		Debug|iPhoneSimulator = Debug|iPhoneSimulator
		Release|Any CPU = Release|Any CPU
		Release|iPhone = Release|iPhone
		Release|iPhoneSimulator = Release|iPhoneSimulator
	EndGlobalSection
	GlobalSection(ProjectConfigurationPlatforms) = postSolution
		{381DBCFD-1690-4C46-97D7-3A195A13303D}.Ad-Hoc|Any CPU.ActiveCfg = Debug|Any CPU
		{381DBCFD-1690-4C46-97D7-3A195A13303D}.Ad-Hoc|Any CPU.Build.0 = Debug|Any CPU
		{381DBCFD-1690-4C46-97D7-3A195A13303D}.Ad-Hoc|iPhone.ActiveCfg = Debug|Any CPU
		{381DBCFD-1690-4C46-97D7-3A195A13303D}.Ad-Hoc|iPhone.Build.0 = Debug|Any CPU
		{381DBCFD-1690-4C46-97D7-3A195A13303D}.Ad-Hoc|iPhoneSimulator.ActiveCfg = Debug|Any CPU
		{381DBCFD-1690-4C46-97D7-3A195A13303D}.Ad-Hoc|iPhoneSimulator.Build.0 = Debug|Any CPU
		{381DBCFD-1690-4C46-97D7-3A195A13303D}.AppStore|Any CPU.ActiveCfg = Debug|Any CPU
		{381DBCFD-1690-4C46-97D7-3A195A13303D}.AppStore|Any CPU.Build.0 = Debug|Any CPU
		{381DBCFD-1690-4C46-97D7-3A195A13303D}.AppStore|iPhone.ActiveCfg = Debug|Any CPU
		{381DBCFD-1690-4C46-97D7-3A195A13303D}.AppStore|iPhone.Build.0 = Debug|Any CPU
		{381DBCFD-1690-4C46-97D7-3A195A13303D}.AppStore|iPhoneSimulator.ActiveCfg = Debug|Any CPU
		{381DBCFD-1690-4C46-97D7-3A195A13303D}.AppStore|iPhoneSimulator.Build.0 = Debug|Any CPU
		{381DBCFD-1690-4C46-97D7-3A195A13303D}.Debug|Any CPU.ActiveCfg = Debug|Any CPU
		{381DBCFD-1690-4C46-97D7-3A195A13303D}.Debug|Any CPU.Build.0 = Debug|Any CPU
		{381DBCFD-1690-4C46-97D7-3A195A13303D}.Debug|iPhone.ActiveCfg = Debug|Any CPU
		{381DBCFD-1690-4C46-97D7-3A195A13303D}.Debug|iPhone.Build.0 = Debug|Any CPU
		{381DBCFD-1690-4C46-97D7-3A195A13303D}.Debug|iPhoneSimulator.ActiveCfg = Debug|Any CPU
		{381DBCFD-1690-4C46-97D7-3A195A13303D}.Debug|iPhoneSimulator.Build.0 = Debug|Any CPU
		{381DBCFD-1690-4C46-97D7-3A195A13303D}.Release|Any CPU.ActiveCfg = Release|Any CPU
		{381DBCFD-1690-4C46-97D7-3A195A13303D}.Release|Any CPU.Build.0 = Release|Any CPU
		{381DBCFD-1690-4C46-97D7-3A195A13303D}.Release|iPhone.ActiveCfg = Release|Any CPU
		{381DBCFD-1690-4C46-97D7-3A195A13303D}.Release|iPhone.Build.0 = Release|Any CPU
		{381DBCFD-1690-4C46-97D7-3A195A13303D}.Release|iPhoneSimulator.ActiveCfg = Release|Any CPU
		{381DBCFD-1690-4C46-97D7-3A195A13303D}.Release|iPhoneSimulator.Build.0 = Release|Any CPU
		{D4D97AEC-826A-40F3-AFE0-A87991BC957A}.Ad-Hoc|Any CPU.ActiveCfg = Debug|Any CPU
		{D4D97AEC-826A-40F3-AFE0-A87991BC957A}.Ad-Hoc|Any CPU.Build.0 = Debug|Any CPU
		{D4D97AEC-826A-40F3-AFE0-A87991BC957A}.Ad-Hoc|iPhone.ActiveCfg = Debug|Any CPU
		{D4D97AEC-826A-40F3-AFE0-A87991BC957A}.Ad-Hoc|iPhone.Build.0 = Debug|Any CPU
		{D4D97AEC-826A-40F3-AFE0-A87991BC957A}.Ad-Hoc|iPhoneSimulator.ActiveCfg = Debug|Any CPU
		{D4D97AEC-826A-40F3-AFE0-A87991BC957A}.Ad-Hoc|iPhoneSimulator.Build.0 = Debug|Any CPU
		{D4D97AEC-826A-40F3-AFE0-A87991BC957A}.AppStore|Any CPU.ActiveCfg = Debug|Any CPU
		{D4D97AEC-826A-40F3-AFE0-A87991BC957A}.AppStore|Any CPU.Build.0 = Debug|Any CPU
		{D4D97AEC-826A-40F3-AFE0-A87991BC957A}.AppStore|iPhone.ActiveCfg = Debug|Any CPU
		{D4D97AEC-826A-40F3-AFE0-A87991BC957A}.AppStore|iPhone.Build.0 = Debug|Any CPU
		{D4D97AEC-826A-40F3-AFE0-A87991BC957A}.AppStore|iPhoneSimulator.ActiveCfg = Debug|Any CPU
		{D4D97AEC-826A-40F3-AFE0-A87991BC957A}.AppStore|iPhoneSimulator.Build.0 = Debug|Any CPU
		{D4D97AEC-826A-40F3-AFE0-A87991BC957A}.Debug|Any CPU.ActiveCfg = Debug|Any CPU
		{D4D97AEC-826A-40F3-AFE0-A87991BC957A}.Debug|Any CPU.Build.0 = Debug|Any CPU
		{D4D97AEC-826A-40F3-AFE0-A87991BC957A}.Debug|iPhone.ActiveCfg = Debug|Any CPU
		{D4D97AEC-826A-40F3-AFE0-A87991BC957A}.Debug|iPhone.Build.0 = Debug|Any CPU
		{D4D97AEC-826A-40F3-AFE0-A87991BC957A}.Debug|iPhoneSimulator.ActiveCfg = Debug|Any CPU
		{D4D97AEC-826A-40F3-AFE0-A87991BC957A}.Debug|iPhoneSimulator.Build.0 = Debug|Any CPU
		{D4D97AEC-826A-40F3-AFE0-A87991BC957A}.Release|Any CPU.ActiveCfg = Release|Any CPU
		{D4D97AEC-826A-40F3-AFE0-A87991BC957A}.Release|Any CPU.Build.0 = Release|Any CPU
		{D4D97AEC-826A-40F3-AFE0-A87991BC957A}.Release|iPhone.ActiveCfg = Release|Any CPU
		{D4D97AEC-826A-40F3-AFE0-A87991BC957A}.Release|iPhone.Build.0 = Release|Any CPU
		{D4D97AEC-826A-40F3-AFE0-A87991BC957A}.Release|iPhoneSimulator.ActiveCfg = Release|Any CPU
		{D4D97AEC-826A-40F3-AFE0-A87991BC957A}.Release|iPhoneSimulator.Build.0 = Release|Any CPU
		{8116BE6C-40E9-4DCF-8589-FE5675C7696A}.Ad-Hoc|Any CPU.ActiveCfg = Debug|Any CPU
		{8116BE6C-40E9-4DCF-8589-FE5675C7696A}.Ad-Hoc|Any CPU.Build.0 = Debug|Any CPU
		{8116BE6C-40E9-4DCF-8589-FE5675C7696A}.Ad-Hoc|iPhone.ActiveCfg = Debug|Any CPU
		{8116BE6C-40E9-4DCF-8589-FE5675C7696A}.Ad-Hoc|iPhone.Build.0 = Debug|Any CPU
		{8116BE6C-40E9-4DCF-8589-FE5675C7696A}.Ad-Hoc|iPhoneSimulator.ActiveCfg = Debug|Any CPU
		{8116BE6C-40E9-4DCF-8589-FE5675C7696A}.Ad-Hoc|iPhoneSimulator.Build.0 = Debug|Any CPU
		{8116BE6C-40E9-4DCF-8589-FE5675C7696A}.AppStore|Any CPU.ActiveCfg = Debug|Any CPU
		{8116BE6C-40E9-4DCF-8589-FE5675C7696A}.AppStore|Any CPU.Build.0 = Debug|Any CPU
		{8116BE6C-40E9-4DCF-8589-FE5675C7696A}.AppStore|iPhone.ActiveCfg = Debug|Any CPU
		{8116BE6C-40E9-4DCF-8589-FE5675C7696A}.AppStore|iPhone.Build.0 = Debug|Any CPU
		{8116BE6C-40E9-4DCF-8589-FE5675C7696A}.AppStore|iPhoneSimulator.ActiveCfg = Debug|Any CPU
		{8116BE6C-40E9-4DCF-8589-FE5675C7696A}.AppStore|iPhoneSimulator.Build.0 = Debug|Any CPU
		{8116BE6C-40E9-4DCF-8589-FE5675C7696A}.Debug|Any CPU.ActiveCfg = Debug|Any CPU
		{8116BE6C-40E9-4DCF-8589-FE5675C7696A}.Debug|Any CPU.Build.0 = Debug|Any CPU
		{8116BE6C-40E9-4DCF-8589-FE5675C7696A}.Debug|iPhone.ActiveCfg = Debug|Any CPU
		{8116BE6C-40E9-4DCF-8589-FE5675C7696A}.Debug|iPhone.Build.0 = Debug|Any CPU
		{8116BE6C-40E9-4DCF-8589-FE5675C7696A}.Debug|iPhoneSimulator.ActiveCfg = Debug|Any CPU
		{8116BE6C-40E9-4DCF-8589-FE5675C7696A}.Debug|iPhoneSimulator.Build.0 = Debug|Any CPU
		{8116BE6C-40E9-4DCF-8589-FE5675C7696A}.Release|Any CPU.ActiveCfg = Release|Any CPU
		{8116BE6C-40E9-4DCF-8589-FE5675C7696A}.Release|Any CPU.Build.0 = Release|Any CPU
		{8116BE6C-40E9-4DCF-8589-FE5675C7696A}.Release|iPhone.ActiveCfg = Release|Any CPU
		{8116BE6C-40E9-4DCF-8589-FE5675C7696A}.Release|iPhone.Build.0 = Release|Any CPU
		{8116BE6C-40E9-4DCF-8589-FE5675C7696A}.Release|iPhoneSimulator.ActiveCfg = Release|Any CPU
		{8116BE6C-40E9-4DCF-8589-FE5675C7696A}.Release|iPhoneSimulator.Build.0 = Release|Any CPU
	EndGlobalSection
	GlobalSection(SolutionProperties) = preSolution
		HideSolutionNode = FALSE
	EndGlobalSection
	GlobalSection(ExtensibilityGlobals) = postSolution
		SolutionGuid = {5372EA52-E688-4540-8FC5-33858B9AEC30}
	EndGlobalSection
EndGlobal
